
Microsoft Visual Studio Solution File, Format Version 12.00
# Visual Studio Version 17
VisualStudioVersion = 17.13.35825.156
MinimumVisualStudioVersion = 10.0.40219.1
Project("{FAE04EC0-301F-11D3-BF4B-00C04F79EFBC}") = "Mail.Worker", "Mail.Worker\Mail.Worker.csproj", "{DD681776-4DAA-EECE-4DC4-43DF6C7A869C}"
EndProject
Project("{FAE04EC0-301F-11D3-BF4B-00C04F79EFBC}") = "Mail.Service", "Mail.Service\Mail.Service.csproj", "{88AA7DB3-93D1-3851-9D35-E73BF29647A7}"
EndProject
Project("{FAE04EC0-301F-11D3-BF4B-00C04F79EFBC}") = "Mail.Domain", "Mail.Domain\Mail.Domain.csproj", "{0A563841-7FD4-E1F8-48BB-EFD0A5A8C4C5}"
EndProject
Global
	GlobalSection(SolutionConfigurationPlatforms) = preSolution
		Debug|Any CPU = Debug|Any CPU
		Release|Any CPU = Release|Any CPU
	EndGlobalSection
	GlobalSection(ProjectConfigurationPlatforms) = postSolution
		{DD681776-4DAA-EECE-4DC4-43DF6C7A869C}.Debug|Any CPU.ActiveCfg = Debug|Any CPU
		{DD681776-4DAA-EECE-4DC4-43DF6C7A869C}.Debug|Any CPU.Build.0 = Debug|Any CPU
		{DD681776-4DAA-EECE-4DC4-43DF6C7A869C}.Release|Any CPU.ActiveCfg = Release|Any CPU
		{DD681776-4DAA-EECE-4DC4-43DF6C7A869C}.Release|Any CPU.Build.0 = Release|Any CPU
		{88AA7DB3-93D1-3851-9D35-E73BF29647A7}.Debug|Any CPU.ActiveCfg = Debug|Any CPU
		{88AA7DB3-93D1-3851-9D35-E73BF29647A7}.Debug|Any CPU.Build.0 = Debug|Any CPU
		{88AA7DB3-93D1-3851-9D35-E73BF29647A7}.Release|Any CPU.ActiveCfg = Release|Any CPU
		{88AA7DB3-93D1-3851-9D35-E73BF29647A7}.Release|Any CPU.Build.0 = Release|Any CPU
		{0A563841-7FD4-E1F8-48BB-EFD0A5A8C4C5}.Debug|Any CPU.ActiveCfg = Debug|Any CPU
		{0A563841-7FD4-E1F8-48BB-EFD0A5A8C4C5}.Debug|Any CPU.Build.0 = Debug|Any CPU
		{0A563841-7FD4-E1F8-48BB-EFD0A5A8C4C5}.Release|Any CPU.ActiveCfg = Release|Any CPU
		{0A563841-7FD4-E1F8-48BB-EFD0A5A8C4C5}.Release|Any CPU.Build.0 = Release|Any CPU
	EndGlobalSection
	GlobalSection(SolutionProperties) = preSolution
		HideSolutionNode = FALSE
	EndGlobalSection
	GlobalSection(ExtensibilityGlobals) = postSolution
		SolutionGuid = {9A6FA9FA-1124-4EB8-BE4D-6594BA6FDF15}
	EndGlobalSection
EndGlobal
